
Microsoft Visual Studio Solution File, Format Version 12.00
# Visual Studio Version 17
VisualStudioVersion = 17.5.33516.290
MinimumVisualStudioVersion = 10.0.40219.1
Project("{9A19103F-16F7-4668-BE54-9A1E7A4F7556}") = "ConsoleUI", "ConsoleUI\ConsoleUI.csproj", "{1E6B7EC2-FB5E-485D-A512-6B25DA0810BF}"
EndProject
Project("{2150E333-8FDC-42A3-9474-1A3956D46DE8}") = "BuilderAndFluentBuilder", "BuilderAndFluentBuilder", "{0C302A54-3D80-4144-8D9B-812AF1586DAC}"
EndProject
Project("{9A19103F-16F7-4668-BE54-9A1E7A4F7556}") = "Builder", "BuilderAndFluentBuilder\Builder\Builder\Builder.csproj", "{60623502-5310-403D-8B60-FA15C10369C9}"
EndProject
Project("{2150E333-8FDC-42A3-9474-1A3956D46DE8}") = "DRY", "DRY", "{17A4407D-7BE4-4AEA-A9B6-0B799296D692}"
EndProject
Project("{9A19103F-16F7-4668-BE54-9A1E7A4F7556}") = "WinFormUI", "DRY\WinFormUI\WinFormUI.csproj", "{A638AB6D-9927-4C4B-A048-26EF6D6246E7}"
EndProject
Project("{9A19103F-16F7-4668-BE54-9A1E7A4F7556}") = "WinFormUINoDRY", "DRY\WinFormUINoDRY\WinFormUINoDRY.csproj", "{91CE1B2A-9C31-4A9C-921C-99510F2055FC}"
EndProject
Project("{FAE04EC0-301F-11D3-BF4B-00C04F79EFBC}") = "WPFUI", "DRY\WPFUI\WPFUI.csproj", "{A34C8EBA-B430-4851-8992-86603E5D316D}"
EndProject
Project("{FAE04EC0-301F-11D3-BF4B-00C04F79EFBC}") = "DRYDemoLibrary", "DRY\DRYDemoLibrary\DRYDemoLibrary.csproj", "{0E94F51A-8CA9-4BA4-BEDD-0E1ACC53788C}"
EndProject
Project("{FAE04EC0-301F-11D3-BF4B-00C04F79EFBC}") = "DryDemoLibraryTestxUnit", "DRY\DryDemoLibraryTestxUnit\DryDemoLibraryTestxUnit.csproj", "{9963ED74-9DB0-4E08-A7BA-ACAF70850D9A}"
EndProject
Global
	GlobalSection(SolutionConfigurationPlatforms) = preSolution
		Debug|Any CPU = Debug|Any CPU
		Release|Any CPU = Release|Any CPU
	EndGlobalSection
	GlobalSection(ProjectConfigurationPlatforms) = postSolution
		{1E6B7EC2-FB5E-485D-A512-6B25DA0810BF}.Debug|Any CPU.ActiveCfg = Debug|Any CPU
		{1E6B7EC2-FB5E-485D-A512-6B25DA0810BF}.Debug|Any CPU.Build.0 = Debug|Any CPU
		{1E6B7EC2-FB5E-485D-A512-6B25DA0810BF}.Release|Any CPU.ActiveCfg = Release|Any CPU
		{1E6B7EC2-FB5E-485D-A512-6B25DA0810BF}.Release|Any CPU.Build.0 = Release|Any CPU
		{60623502-5310-403D-8B60-FA15C10369C9}.Debug|Any CPU.ActiveCfg = Debug|Any CPU
		{60623502-5310-403D-8B60-FA15C10369C9}.Debug|Any CPU.Build.0 = Debug|Any CPU
		{60623502-5310-403D-8B60-FA15C10369C9}.Release|Any CPU.ActiveCfg = Release|Any CPU
		{60623502-5310-403D-8B60-FA15C10369C9}.Release|Any CPU.Build.0 = Release|Any CPU
		{A638AB6D-9927-4C4B-A048-26EF6D6246E7}.Debug|Any CPU.ActiveCfg = Debug|Any CPU
		{A638AB6D-9927-4C4B-A048-26EF6D6246E7}.Debug|Any CPU.Build.0 = Debug|Any CPU
		{A638AB6D-9927-4C4B-A048-26EF6D6246E7}.Release|Any CPU.ActiveCfg = Release|Any CPU
		{A638AB6D-9927-4C4B-A048-26EF6D6246E7}.Release|Any CPU.Build.0 = Release|Any CPU
		{91CE1B2A-9C31-4A9C-921C-99510F2055FC}.Debug|Any CPU.ActiveCfg = Debug|Any CPU
		{91CE1B2A-9C31-4A9C-921C-99510F2055FC}.Debug|Any CPU.Build.0 = Debug|Any CPU
		{91CE1B2A-9C31-4A9C-921C-99510F2055FC}.Release|Any CPU.ActiveCfg = Release|Any CPU
		{91CE1B2A-9C31-4A9C-921C-99510F2055FC}.Release|Any CPU.Build.0 = Release|Any CPU
		{A34C8EBA-B430-4851-8992-86603E5D316D}.Debug|Any CPU.ActiveCfg = Debug|Any CPU
		{A34C8EBA-B430-4851-8992-86603E5D316D}.Debug|Any CPU.Build.0 = Debug|Any CPU
		{A34C8EBA-B430-4851-8992-86603E5D316D}.Release|Any CPU.ActiveCfg = Release|Any CPU
		{A34C8EBA-B430-4851-8992-86603E5D316D}.Release|Any CPU.Build.0 = Release|Any CPU
		{0E94F51A-8CA9-4BA4-BEDD-0E1ACC53788C}.Debug|Any CPU.ActiveCfg = Debug|Any CPU
		{0E94F51A-8CA9-4BA4-BEDD-0E1ACC53788C}.Debug|Any CPU.Build.0 = Debug|Any CPU
		{0E94F51A-8CA9-4BA4-BEDD-0E1ACC53788C}.Release|Any CPU.ActiveCfg = Release|Any CPU
		{0E94F51A-8CA9-4BA4-BEDD-0E1ACC53788C}.Release|Any CPU.Build.0 = Release|Any CPU
		{9963ED74-9DB0-4E08-A7BA-ACAF70850D9A}.Debug|Any CPU.ActiveCfg = Debug|Any CPU
		{9963ED74-9DB0-4E08-A7BA-ACAF70850D9A}.Debug|Any CPU.Build.0 = Debug|Any CPU
		{9963ED74-9DB0-4E08-A7BA-ACAF70850D9A}.Release|Any CPU.ActiveCfg = Release|Any CPU
		{9963ED74-9DB0-4E08-A7BA-ACAF70850D9A}.Release|Any CPU.Build.0 = Release|Any CPU
	EndGlobalSection
	GlobalSection(SolutionProperties) = preSolution
		HideSolutionNode = FALSE
	EndGlobalSection
	GlobalSection(NestedProjects) = preSolution
		{60623502-5310-403D-8B60-FA15C10369C9} = {0C302A54-3D80-4144-8D9B-812AF1586DAC}
		{A638AB6D-9927-4C4B-A048-26EF6D6246E7} = {17A4407D-7BE4-4AEA-A9B6-0B799296D692}
		{91CE1B2A-9C31-4A9C-921C-99510F2055FC} = {17A4407D-7BE4-4AEA-A9B6-0B799296D692}
		{A34C8EBA-B430-4851-8992-86603E5D316D} = {17A4407D-7BE4-4AEA-A9B6-0B799296D692}
		{0E94F51A-8CA9-4BA4-BEDD-0E1ACC53788C} = {17A4407D-7BE4-4AEA-A9B6-0B799296D692}
		{9963ED74-9DB0-4E08-A7BA-ACAF70850D9A} = {17A4407D-7BE4-4AEA-A9B6-0B799296D692}
	EndGlobalSection
	GlobalSection(ExtensibilityGlobals) = postSolution
		SolutionGuid = {92D7041F-E51E-459A-B2E6-8B97FA5C9154}
	EndGlobalSection
EndGlobal
